{
  "name": "node-project",
  "version": "1.0.0",
  "lockfileVersion": 3,
  "requires": true,
  "packages": {
    "": {
      "name": "node-project",
      "version": "1.0.0",
      "license": "ISC",
      "dependencies": {
        "@kiowoji/npm-package": "^1.0.0",
        "fs": "^0.0.1-security"
      }
    },
    "node_modules/@kiowoji/npm-package": {
      "version": "1.0.1",
      "resolved": "https://registry.npmjs.org/@kiowoji/npm-package/-/npm-package-1.0.1.tgz",
      "integrity": "sha512-/Fr0LEzxiQRgnRFHJk6ShHL0Hd3J7Xq7WYHNlMV9Y6xSdejogD8+3Z7aK+nfTeotG2khFn9/VQCGUhTJMhIFXQ=="
    },
    "node_modules/fs": {
      "version": "0.0.1-security",
      "resolved": "https://registry.npmjs.org/fs/-/fs-0.0.1-security.tgz",
      "integrity": "sha512-3XY9e1pP0CVEUCdj5BmfIZxRBTSDycnbqhIOGec9QYtmVH2fbLpj86CFWkrNOkt/Fvty4KZG5lTglL9j/gJ87w=="
    }
  }
}
